
Microsoft Visual Studio Solution File, Format Version 12.00
# Visual Studio 15
VisualStudioVersion = 15.0.34112.143
MinimumVisualStudioVersion = 10.0.40219.1
Project("{8BC9CEB8-8B4A-11D0-8D11-00A0C91BC942}") = "P10-7", "P10-7\P10-7.vcxproj", "{134E02C2-DB97-49EE-A825-2C172B869AD1}"
EndProject
Global
	GlobalSection(SolutionConfigurationPlatforms) = preSolution
		Debug|x64 = Debug|x64
		Debug|x86 = Debug|x86
		Release|x64 = Release|x64
		Release|x86 = Release|x86
	EndGlobalSection
	GlobalSection(ProjectConfigurationPlatforms) = postSolution
		{134E02C2-DB97-49EE-A825-2C172B869AD1}.Debug|x64.ActiveCfg = Debug|x64
		{134E02C2-DB97-49EE-A825-2C172B869AD1}.Debug|x64.Build.0 = Debug|x64
		{134E02C2-DB97-49EE-A825-2C172B869AD1}.Debug|x86.ActiveCfg = Debug|Win32
		{134E02C2-DB97-49EE-A825-2C172B869AD1}.Debug|x86.Build.0 = Debug|Win32
		{134E02C2-DB97-49EE-A825-2C172B869AD1}.Release|x64.ActiveCfg = Release|x64
		{134E02C2-DB97-49EE-A825-2C172B869AD1}.Release|x64.Build.0 = Release|x64
		{134E02C2-DB97-49EE-A825-2C172B869AD1}.Release|x86.ActiveCfg = Release|Win32
		{134E02C2-DB97-49EE-A825-2C172B869AD1}.Release|x86.Build.0 = Release|Win32
	EndGlobalSection
	GlobalSection(SolutionProperties) = preSolution
		HideSolutionNode = FALSE
	EndGlobalSection
	GlobalSection(ExtensibilityGlobals) = postSolution
		SolutionGuid = {6E200867-8FC1-4B55-8C9C-DABD772F7B3C}
	EndGlobalSection
EndGlobal
